
Microsoft Visual Studio Solution File, Format Version 12.00
# Visual Studio 15
VisualStudioVersion = 15.0.28307.1062
MinimumVisualStudioVersion = 10.0.40219.1
Project("{8BC9CEB8-8B4A-11D0-8D11-00A0C91BC942}") = "SLIDE", "SLIDE.vcxproj", "{E51DCACD-78F7-4BB2-A0F7-922679492009}"
EndProject
Global
	GlobalSection(SolutionConfigurationPlatforms) = preSolution
		Debug|x64 = Debug|x64
		Debug|x86 = Debug|x86
		Release|x64 = Release|x64
		Release|x86 = Release|x86
	EndGlobalSection
	GlobalSection(ProjectConfigurationPlatforms) = postSolution
		{E51DCACD-78F7-4BB2-A0F7-922679492009}.Debug|x64.ActiveCfg = Debug|x64
		{E51DCACD-78F7-4BB2-A0F7-922679492009}.Debug|x64.Build.0 = Debug|x64
		{E51DCACD-78F7-4BB2-A0F7-922679492009}.Debug|x86.ActiveCfg = Debug|Win32
		{E51DCACD-78F7-4BB2-A0F7-922679492009}.Debug|x86.Build.0 = Debug|Win32
		{E51DCACD-78F7-4BB2-A0F7-922679492009}.Release|x64.ActiveCfg = Release|x64
		{E51DCACD-78F7-4BB2-A0F7-922679492009}.Release|x64.Build.0 = Release|x64
		{E51DCACD-78F7-4BB2-A0F7-922679492009}.Release|x86.ActiveCfg = Release|Win32
		{E51DCACD-78F7-4BB2-A0F7-922679492009}.Release|x86.Build.0 = Release|Win32
	EndGlobalSection
	GlobalSection(SolutionProperties) = preSolution
		HideSolutionNode = FALSE
	EndGlobalSection
	GlobalSection(ExtensibilityGlobals) = postSolution
		SolutionGuid = {3F5B7871-3EE3-4D22-A88D-2AF818874878}
	EndGlobalSection
EndGlobal
